
Microsoft Visual Studio Solution File, Format Version 12.00
# Visual Studio Version 16
VisualStudioVersion = 16.0.30204.135
MinimumVisualStudioVersion = 10.0.40219.1
Project("{FAE04EC0-301F-11D3-BF4B-00C04F79EFBC}") = "Commix", "Commix\Commix.csproj", "{F4A2F68E-F7B3-456A-A64B-5B4BD67C478A}"
EndProject
Global
	GlobalSection(SolutionConfigurationPlatforms) = preSolution
		Debug|Any CPU = Debug|Any CPU
		Release|Any CPU = Release|Any CPU
	EndGlobalSection
	GlobalSection(ProjectConfigurationPlatforms) = postSolution
		{F4A2F68E-F7B3-456A-A64B-5B4BD67C478A}.Debug|Any CPU.ActiveCfg = Debug|Any CPU
		{F4A2F68E-F7B3-456A-A64B-5B4BD67C478A}.Debug|Any CPU.Build.0 = Debug|Any CPU
		{F4A2F68E-F7B3-456A-A64B-5B4BD67C478A}.Release|Any CPU.ActiveCfg = Release|Any CPU
		{F4A2F68E-F7B3-456A-A64B-5B4BD67C478A}.Release|Any CPU.Build.0 = Release|Any CPU
	EndGlobalSection
	GlobalSection(SolutionProperties) = preSolution
		HideSolutionNode = FALSE
	EndGlobalSection
	GlobalSection(ExtensibilityGlobals) = postSolution
		SolutionGuid = {7D55477B-356A-4A7F-9190-9FF6AD2DAB7B}
	EndGlobalSection
EndGlobal
